{
  "name": "mail-test",
  "version": "1.0.0",
  "lockfileVersion": 3,
  "requires": true,
  "packages": {
    "": {
      "name": "mail-test",
      "version": "1.0.0",
      "license": "ISC",
      "dependencies": {
        "nodemailer": "^7.0.5"
      }
    },
    "node_modules/nodemailer": {
      "version": "7.0.5",
      "resolved": "https://registry.npmjs.org/nodemailer/-/nodemailer-7.0.5.tgz",
      "integrity": "sha512-nsrh2lO3j4GkLLXoeEksAMgAOqxOv6QumNRVQTJwKH4nuiww6iC2y7GyANs9kRAxCexg3+lTWM3PZ91iLlVjfg==",
      "license": "MIT-0",
      "engines": {
        "node": ">=6.0.0"
      }
    }
  }
}
